{
  "originHash" : "6a86adc0eedee4e0acb432c4adc266a012e821b8fee1b76c50816c40f59891ed",
  "pins" : [
    {
      "identity" : "swift-fit",
      "kind" : "remoteSourceControl",
      "location" : "https://github.com/zaneenders/swift-fit.git",
      "state" : {
        "revision" : "16d9e57a48464e5857c7b49e9a83fde0f8db202a"
      }
    },
    {
      "identity" : "swift-subprocess",
      "kind" : "remoteSourceControl",
      "location" : "https://github.com/swiftlang/swift-subprocess.git",
      "state" : {
        "revision" : "b3937ab85dd32f6e9435914599c1519074769c1a",
        "version" : "1.0.0"
      }
    },
    {
      "identity" : "swift-system",
      "kind" : "remoteSourceControl",
      "location" : "https://github.com/apple/swift-system",
      "state" : {
        "revision" : "869129b7bf4ecc57b97d0193ad29690ca2134750",
        "version" : "1.8.1"
      }
    }
  ],
  "version" : 3
}
