{
  "originHash" : "4a01e054fc00a35db3a33be9b463ecb189aac745ed53cf9f0f53de7e064af5ec",
  "pins" : [
    {
      "identity" : "h",
      "kind" : "remoteSourceControl",
      "location" : "https://github.com/rarestype/h",
      "state" : {
        "revision" : "aa3626829160917d4378330617971977cbd78f5b",
        "version" : "1.0.1"
      }
    },
    {
      "identity" : "swift-png",
      "kind" : "remoteSourceControl",
      "location" : "https://github.com/tayloraswift/swift-png",
      "state" : {
        "revision" : "8a0bcd4df5e4b307c804937776a56dd6ecdf6396",
        "version" : "4.5.1"
      }
    }
  ],
  "version" : 3
}
